
Microsoft Visual Studio Solution File, Format Version 12.00
# Visual Studio Version 17
VisualStudioVersion = 17.14.36109.1 d17.14
MinimumVisualStudioVersion = 10.0.40219.1
Project("{FAE04EC0-301F-11D3-BF4B-00C04F79EFBC}") = "Erişim Belirleyiciler2", "Erişim Belirleyiciler2\Erişim Belirleyiciler2.csproj", "{4C318D4D-DC16-471B-B749-64100162CF7E}"
EndProject
Global
	GlobalSection(SolutionConfigurationPlatforms) = preSolution
		Debug|Any CPU = Debug|Any CPU
		Release|Any CPU = Release|Any CPU
	EndGlobalSection
	GlobalSection(ProjectConfigurationPlatforms) = postSolution
		{4C318D4D-DC16-471B-B749-64100162CF7E}.Debug|Any CPU.ActiveCfg = Debug|Any CPU
		{4C318D4D-DC16-471B-B749-64100162CF7E}.Debug|Any CPU.Build.0 = Debug|Any CPU
		{4C318D4D-DC16-471B-B749-64100162CF7E}.Release|Any CPU.ActiveCfg = Release|Any CPU
		{4C318D4D-DC16-471B-B749-64100162CF7E}.Release|Any CPU.Build.0 = Release|Any CPU
	EndGlobalSection
	GlobalSection(SolutionProperties) = preSolution
		HideSolutionNode = FALSE
	EndGlobalSection
	GlobalSection(ExtensibilityGlobals) = postSolution
		SolutionGuid = {B29D7F50-7C9A-402B-8381-8B0E52A61FB7}
	EndGlobalSection
EndGlobal
